{
  "name": "text-formatter-s701",
  "version": "1.0.0",
  "lockfileVersion": 3,
  "requires": true,
  "packages": {
    "": {
      "name": "text-formatter-s701",
      "version": "1.0.0",
      "license": "ISC",
      "dependencies": {
        "text-formatter-s701": "^1.0.0"
      }
    },
    "node_modules/text-formatter-s701": {
      "version": "1.0.0",
      "resolved": "https://registry.npmjs.org/text-formatter-s701/-/text-formatter-s701-1.0.0.tgz",
      "integrity": "sha512-LYkcC4gOuaoQMNR7udPCTqadBJxPmUH258GSb88SznNiAodBxXXc2kDRWiGYOpw6FAhT6lOrl6b7zDSXFdT3+A=="
    }
  }
}
